// !$*UTF8*$!
{
	archiveVersion = 1;
	classes = {
	};
	objectVersion = 46;
	objects = {

/* Begin PBXBuildFile section */
		C206EA021EE1676100E4E366 /* main.m in Sources */ = {isa = PBXBuildFile; fileRef = C206EA011EE1676100E4E366 /* main.m */; };
		C206EA051EE1676100E4E366 /* AppDelegate.m in Sources */ = {isa = PBXBuildFile; fileRef = C206EA041EE1676100E4E366 /* AppDelegate.m */; };
		C206EA081EE1676100E4E366 /* ViewController.m in Sources */ = {isa = PBXBuildFile; fileRef = C206EA071EE1676100E4E366 /* ViewController.m */; };
		C206EA0B1EE1676100E4E366 /* Main.storyboard in Resources */ = {isa = PBXBuildFile; fileRef = C206EA091EE1676100E4E366 /* Main.storyboard */; };
		C206EA0D1EE1676100E4E366 /* Assets.xcassets in Resources */ = {isa = PBXBuildFile; fileRef = C206EA0C1EE1676100E4E366 /* Assets.xcassets */; };
		C206EA101EE1676100E4E366 /* LaunchScreen.storyboard in Resources */ = {isa = PBXBuildFile; fileRef = C206EA0E1EE1676100E4E366 /* LaunchScreen.storyboard */; };
		C206EA1B1EE1676100E4E366 /* iOSLunarratorTests.m in Sources */ = {isa = PBXBuildFile; fileRef = C206EA1A1EE1676100E4E366 /* iOSLunarratorTests.m */; };
		C206EA261EE1676100E4E366 /* iOSLunarratorUITests.m in Sources */ = {isa = PBXBuildFile; fileRef = C206EA251EE1676100E4E366 /* iOSLunarratorUITests.m */; };
		C206EA381EE5013E00E4E366 /* homePage.m in Sources */ = {isa = PBXBuildFile; fileRef = C206EA361EE5013E00E4E366 /* homePage.m */; };
		C206EA391EE5013E00E4E366 /* homePage.xib in Resources */ = {isa = PBXBuildFile; fileRef = C206EA371EE5013E00E4E366 /* homePage.xib */; };
		C2FE52EA1EE55B4D0063A62C /* TestViewController.m in Sources */ = {isa = PBXBuildFile; fileRef = C2FE52E81EE55B4D0063A62C /* TestViewController.m */; };
		C2FE52EB1EE55B4D0063A62C /* TestViewController.xib in Resources */ = {isa = PBXBuildFile; fileRef = C2FE52E91EE55B4D0063A62C /* TestViewController.xib */; };
		C2FE52EE1EEE8E560063A62C /* LunarDay.m in Sources */ = {isa = PBXBuildFile; fileRef = C2FE52ED1EEE8E560063A62C /* LunarDay.m */; };
		C2FE52F11EEE8E6C0063A62C /* Activity.m in Sources */ = {isa = PBXBuildFile; fileRef = C2FE52F01EEE8E6C0063A62C /* Activity.m */; };
		C2FE58AF1EEEA1500063A62C /* Resource in Resources */ = {isa = PBXBuildFile; fileRef = C2FE58AE1EEEA1500063A62C /* Resource */; };
		C2FE58B31EEFD4B60063A62C /* calendarPage.m in Sources */ = {isa = PBXBuildFile; fileRef = C2FE58B11EEFD4B60063A62C /* calendarPage.m */; };
		C2FE58B41EEFD4B60063A62C /* calendarPage.xib in Resources */ = {isa = PBXBuildFile; fileRef = C2FE58B21EEFD4B60063A62C /* calendarPage.xib */; };
		C2FE58B81EEFD8C40063A62C /* activityPage.m in Sources */ = {isa = PBXBuildFile; fileRef = C2FE58B61EEFD8C40063A62C /* activityPage.m */; };
		C2FE58B91EEFD8C40063A62C /* activityPage.xib in Resources */ = {isa = PBXBuildFile; fileRef = C2FE58B71EEFD8C40063A62C /* activityPage.xib */; };
		C2FE58DE1EF00B500063A62C /* FSCalendar+Deprecated.m in Sources */ = {isa = PBXBuildFile; fileRef = C2FE58BD1EF00B500063A62C /* FSCalendar+Deprecated.m */; };
		C2FE58DF1EF00B500063A62C /* FSCalendar.m in Sources */ = {isa = PBXBuildFile; fileRef = C2FE58BF1EF00B500063A62C /* FSCalendar.m */; };
		C2FE58E01EF00B500063A62C /* FSCalendarAppearance.m in Sources */ = {isa = PBXBuildFile; fileRef = C2FE58C11EF00B500063A62C /* FSCalendarAppearance.m */; };
		C2FE58E11EF00B500063A62C /* FSCalendarCalculator.m in Sources */ = {isa = PBXBuildFile; fileRef = C2FE58C31EF00B500063A62C /* FSCalendarCalculator.m */; };
		C2FE58E21EF00B500063A62C /* FSCalendarCell.m in Sources */ = {isa = PBXBuildFile; fileRef = C2FE58C51EF00B500063A62C /* FSCalendarCell.m */; };
		C2FE58E31EF00B500063A62C /* FSCalendarCollectionView.m in Sources */ = {isa = PBXBuildFile; fileRef = C2FE58C71EF00B500063A62C /* FSCalendarCollectionView.m */; };
		C2FE58E41EF00B500063A62C /* FSCalendarCollectionViewLayout.m in Sources */ = {isa = PBXBuildFile; fileRef = C2FE58C91EF00B500063A62C /* FSCalendarCollectionViewLayout.m */; };
		C2FE58E51EF00B500063A62C /* FSCalendarConstants.m in Sources */ = {isa = PBXBuildFile; fileRef = C2FE58CB1EF00B500063A62C /* FSCalendarConstants.m */; };
		C2FE58E61EF00B500063A62C /* FSCalendarDelegationFactory.m in Sources */ = {isa = PBXBuildFile; fileRef = C2FE58CD1EF00B500063A62C /* FSCalendarDelegationFactory.m */; };
		C2FE58E71EF00B500063A62C /* FSCalendarDelegationProxy.m in Sources */ = {isa = PBXBuildFile; fileRef = C2FE58CF1EF00B500063A62C /* FSCalendarDelegationProxy.m */; };
		C2FE58E81EF00B500063A62C /* FSCalendarExtensions.m in Sources */ = {isa = PBXBuildFile; fileRef = C2FE58D21EF00B500063A62C /* FSCalendarExtensions.m */; };
		C2FE58E91EF00B500063A62C /* FSCalendarHeaderView.m in Sources */ = {isa = PBXBuildFile; fileRef = C2FE58D41EF00B500063A62C /* FSCalendarHeaderView.m */; };
		C2FE58EA1EF00B500063A62C /* FSCalendarScopeHandle.m in Sources */ = {isa = PBXBuildFile; fileRef = C2FE58D61EF00B500063A62C /* FSCalendarScopeHandle.m */; };
		C2FE58EB1EF00B500063A62C /* FSCalendarStickyHeader.m in Sources */ = {isa = PBXBuildFile; fileRef = C2FE58D81EF00B500063A62C /* FSCalendarStickyHeader.m */; };
		C2FE58EC1EF00B500063A62C /* FSCalendarTransitionCoordinator.m in Sources */ = {isa = PBXBuildFile; fileRef = C2FE58DA1EF00B500063A62C /* FSCalendarTransitionCoordinator.m */; };
		C2FE58ED1EF00B500063A62C /* FSCalendarWeekdayView.m in Sources */ = {isa = PBXBuildFile; fileRef = C2FE58DC1EF00B500063A62C /* FSCalendarWeekdayView.m */; };
		C2FE58EE1EF00B500063A62C /* Info.plist in Resources */ = {isa = PBXBuildFile; fileRef = C2FE58DD1EF00B500063A62C /* Info.plist */; };
		C2FE59241EF0F28A0063A62C /* CustomerCalendar.m in Sources */ = {isa = PBXBuildFile; fileRef = C2FE59231EF0F28A0063A62C /* CustomerCalendar.m */; };
/* End PBXBuildFile section */

/* Begin PBXContainerItemProxy section */
		C206EA171EE1676100E4E366 /* PBXContainerItemProxy */ = {
			isa = PBXContainerItemProxy;
			containerPortal = C206E9F51EE1676000E4E366 /* Project object */;
			proxyType = 1;
			remoteGlobalIDString = C206E9FC1EE1676000E4E366;
			remoteInfo = iOSLunarrator;
		};
		C206EA221EE1676100E4E366 /* PBXContainerItemProxy */ = {
			isa = PBXContainerItemProxy;
			containerPortal = C206E9F51EE1676000E4E366 /* Project object */;
			proxyType = 1;
			remoteGlobalIDString = C206E9FC1EE1676000E4E366;
			remoteInfo = iOSLunarrator;
		};
/* End PBXContainerItemProxy section */

/* Begin PBXFileReference section */
		C206E9FD1EE1676100E4E366 /* iOSLunarrator.app */ = {isa = PBXFileReference; explicitFileType = wrapper.application; includeInIndex = 0; path = iOSLunarrator.app; sourceTree = BUILT_PRODUCTS_DIR; };
		C206EA011EE1676100E4E366 /* main.m */ = {isa = PBXFileReference; lastKnownFileType = sourcecode.c.objc; path = main.m; sourceTree = "<group>"; };
		C206EA031EE1676100E4E366 /* AppDelegate.h */ = {isa = PBXFileReference; lastKnownFileType = sourcecode.c.h; path = AppDelegate.h; sourceTree = "<group>"; };
		C206EA041EE1676100E4E366 /* AppDelegate.m */ = {isa = PBXFileReference; lastKnownFileType = sourcecode.c.objc; path = AppDelegate.m; sourceTree = "<group>"; };
		C206EA061EE1676100E4E366 /* ViewController.h */ = {isa = PBXFileReference; lastKnownFileType = sourcecode.c.h; path = ViewController.h; sourceTree = "<group>"; };
		C206EA071EE1676100E4E366 /* ViewController.m */ = {isa = PBXFileReference; lastKnownFileType = sourcecode.c.objc; path = ViewController.m; sourceTree = "<group>"; };
		C206EA0A1EE1676100E4E366 /* Base */ = {isa = PBXFileReference; lastKnownFileType = file.storyboard; name = Base; path = Base.lproj/Main.storyboard; sourceTree = "<group>"; };
		C206EA0C1EE1676100E4E366 /* Assets.xcassets */ = {isa = PBXFileReference; lastKnownFileType = folder.assetcatalog; path = Assets.xcassets; sourceTree = "<group>"; };
		C206EA0F1EE1676100E4E366 /* Base */ = {isa = PBXFileReference; lastKnownFileType = file.storyboard; name = Base; path = Base.lproj/LaunchScreen.storyboard; sourceTree = "<group>"; };
		C206EA111EE1676100E4E366 /* Info.plist */ = {isa = PBXFileReference; lastKnownFileType = text.plist.xml; path = Info.plist; sourceTree = "<group>"; };
		C206EA161EE1676100E4E366 /* iOSLunarratorTests.xctest */ = {isa = PBXFileReference; explicitFileType = wrapper.cfbundle; includeInIndex = 0; path = iOSLunarratorTests.xctest; sourceTree = BUILT_PRODUCTS_DIR; };
		C206EA1A1EE1676100E4E366 /* iOSLunarratorTests.m */ = {isa = PBXFileReference; lastKnownFileType = sourcecode.c.objc; path = iOSLunarratorTests.m; sourceTree = "<group>"; };
		C206EA1C1EE1676100E4E366 /* Info.plist */ = {isa = PBXFileReference; lastKnownFileType = text.plist.xml; path = Info.plist; sourceTree = "<group>"; };
		C206EA211EE1676100E4E366 /* iOSLunarratorUITests.xctest */ = {isa = PBXFileReference; explicitFileType = wrapper.cfbundle; includeInIndex = 0; path = iOSLunarratorUITests.xctest; sourceTree = BUILT_PRODUCTS_DIR; };
		C206EA251EE1676100E4E366 /* iOSLunarratorUITests.m */ = {isa = PBXFileReference; lastKnownFileType = sourcecode.c.objc; path = iOSLunarratorUITests.m; sourceTree = "<group>"; };
		C206EA271EE1676100E4E366 /* Info.plist */ = {isa = PBXFileReference; lastKnownFileType = text.plist.xml; path = Info.plist; sourceTree = "<group>"; };
		C206EA351EE5013E00E4E366 /* homePage.h */ = {isa = PBXFileReference; fileEncoding = 4; lastKnownFileType = sourcecode.c.h; name = homePage.h; path = View/homePage.h; sourceTree = "<group>"; };
		C206EA361EE5013E00E4E366 /* homePage.m */ = {isa = PBXFileReference; fileEncoding = 4; lastKnownFileType = sourcecode.c.objc; name = homePage.m; path = View/homePage.m; sourceTree = "<group>"; };
		C206EA371EE5013E00E4E366 /* homePage.xib */ = {isa = PBXFileReference; fileEncoding = 4; lastKnownFileType = file.xib; name = homePage.xib; path = View/homePage.xib; sourceTree = "<group>"; };
		C2FE52E71EE55B4D0063A62C /* TestViewController.h */ = {isa = PBXFileReference; fileEncoding = 4; lastKnownFileType = sourcecode.c.h; path = TestViewController.h; sourceTree = "<group>"; };
		C2FE52E81EE55B4D0063A62C /* TestViewController.m */ = {isa = PBXFileReference; fileEncoding = 4; lastKnownFileType = sourcecode.c.objc; path = TestViewController.m; sourceTree = "<group>"; };
		C2FE52E91EE55B4D0063A62C /* TestViewController.xib */ = {isa = PBXFileReference; fileEncoding = 4; lastKnownFileType = file.xib; path = TestViewController.xib; sourceTree = "<group>"; };
		C2FE52EC1EEE8E560063A62C /* LunarDay.h */ = {isa = PBXFileReference; fileEncoding = 4; lastKnownFileType = sourcecode.c.h; name = LunarDay.h; path = Model/LunarDay.h; sourceTree = "<group>"; };
		C2FE52ED1EEE8E560063A62C /* LunarDay.m */ = {isa = PBXFileReference; fileEncoding = 4; lastKnownFileType = sourcecode.c.objc; name = LunarDay.m; path = Model/LunarDay.m; sourceTree = "<group>"; };
		C2FE52EF1EEE8E6C0063A62C /* Activity.h */ = {isa = PBXFileReference; fileEncoding = 4; lastKnownFileType = sourcecode.c.h; name = Activity.h; path = Model/Activity.h; sourceTree = "<group>"; };
		C2FE52F01EEE8E6C0063A62C /* Activity.m */ = {isa = PBXFileReference; fileEncoding = 4; lastKnownFileType = sourcecode.c.objc; name = Activity.m; path = Model/Activity.m; sourceTree = "<group>"; };
		C2FE58AE1EEEA1500063A62C /* Resource */ = {isa = PBXFileReference; lastKnownFileType = folder; name = Resource; path = iOSLunarrator/Resource; sourceTree = "<group>"; };
		C2FE58B01EEFD4B60063A62C /* calendarPage.h */ = {isa = PBXFileReference; fileEncoding = 4; lastKnownFileType = sourcecode.c.h; name = calendarPage.h; path = View/calendarPage.h; sourceTree = "<group>"; };
		C2FE58B11EEFD4B60063A62C /* calendarPage.m */ = {isa = PBXFileReference; fileEncoding = 4; lastKnownFileType = sourcecode.c.objc; name = calendarPage.m; path = View/calendarPage.m; sourceTree = "<group>"; };
		C2FE58B21EEFD4B60063A62C /* calendarPage.xib */ = {isa = PBXFileReference; fileEncoding = 4; lastKnownFileType = file.xib; name = calendarPage.xib; path = View/calendarPage.xib; sourceTree = "<group>"; };
		C2FE58B51EEFD8C40063A62C /* activityPage.h */ = {isa = PBXFileReference; fileEncoding = 4; lastKnownFileType = sourcecode.c.h; name = activityPage.h; path = View/activityPage.h; sourceTree = "<group>"; };
		C2FE58B61EEFD8C40063A62C /* activityPage.m */ = {isa = PBXFileReference; fileEncoding = 4; lastKnownFileType = sourcecode.c.objc; name = activityPage.m; path = View/activityPage.m; sourceTree = "<group>"; };
		C2FE58B71EEFD8C40063A62C /* activityPage.xib */ = {isa = PBXFileReference; fileEncoding = 4; lastKnownFileType = file.xib; name = activityPage.xib; path = View/activityPage.xib; sourceTree = "<group>"; };
		C2FE58BD1EF00B500063A62C /* FSCalendar+Deprecated.m */ = {isa = PBXFileReference; fileEncoding = 4; lastKnownFileType = sourcecode.c.objc; path = "FSCalendar+Deprecated.m"; sourceTree = "<group>"; };
		C2FE58BE1EF00B500063A62C /* FSCalendar.h */ = {isa = PBXFileReference; fileEncoding = 4; lastKnownFileType = sourcecode.c.h; path = FSCalendar.h; sourceTree = "<group>"; };
		C2FE58BF1EF00B500063A62C /* FSCalendar.m */ = {isa = PBXFileReference; fileEncoding = 4; lastKnownFileType = sourcecode.c.objc; path = FSCalendar.m; sourceTree = "<group>"; };
		C2FE58C01EF00B500063A62C /* FSCalendarAppearance.h */ = {isa = PBXFileReference; fileEncoding = 4; lastKnownFileType = sourcecode.c.h; path = FSCalendarAppearance.h; sourceTree = "<group>"; };
		C2FE58C11EF00B500063A62C /* FSCalendarAppearance.m */ = {isa = PBXFileReference; fileEncoding = 4; lastKnownFileType = sourcecode.c.objc; path = FSCalendarAppearance.m; sourceTree = "<group>"; };
		C2FE58C21EF00B500063A62C /* FSCalendarCalculator.h */ = {isa = PBXFileReference; fileEncoding = 4; lastKnownFileType = sourcecode.c.h; path = FSCalendarCalculator.h; sourceTree = "<group>"; };
		C2FE58C31EF00B500063A62C /* FSCalendarCalculator.m */ = {isa = PBXFileReference; fileEncoding = 4; lastKnownFileType = sourcecode.c.objc; path = FSCalendarCalculator.m; sourceTree = "<group>"; };
		C2FE58C41EF00B500063A62C /* FSCalendarCell.h */ = {isa = PBXFileReference; fileEncoding = 4; lastKnownFileType = sourcecode.c.h; path = FSCalendarCell.h; sourceTree = "<group>"; };
		C2FE58C51EF00B500063A62C /* FSCalendarCell.m */ = {isa = PBXFileReference; fileEncoding = 4; lastKnownFileType = sourcecode.c.objc; path = FSCalendarCell.m; sourceTree = "<group>"; };
		C2FE58C61EF00B500063A62C /* FSCalendarCollectionView.h */ = {isa = PBXFileReference; fileEncoding = 4; lastKnownFileType = sourcecode.c.h; path = FSCalendarCollectionView.h; sourceTree = "<group>"; };
		C2FE58C71EF00B500063A62C /* FSCalendarCollectionView.m */ = {isa = PBXFileReference; fileEncoding = 4; lastKnownFileType = sourcecode.c.objc; path = FSCalendarCollectionView.m; sourceTree = "<group>"; };
		C2FE58C81EF00B500063A62C /* FSCalendarCollectionViewLayout.h */ = {isa = PBXFileReference; fileEncoding = 4; lastKnownFileType = sourcecode.c.h; path = FSCalendarCollectionViewLayout.h; sourceTree = "<group>"; };
		C2FE58C91EF00B500063A62C /* FSCalendarCollectionViewLayout.m */ = {isa = PBXFileReference; fileEncoding = 4; lastKnownFileType = sourcecode.c.objc; path = FSCalendarCollectionViewLayout.m; sourceTree = "<group>"; };
		C2FE58CA1EF00B500063A62C /* FSCalendarConstants.h */ = {isa = PBXFileReference; fileEncoding = 4; lastKnownFileType = sourcecode.c.h; path = FSCalendarConstants.h; sourceTree = "<group>"; };
		C2FE58CB1EF00B500063A62C /* FSCalendarConstants.m */ = {isa = PBXFileReference; fileEncoding = 4; lastKnownFileType = sourcecode.c.objc; path = FSCalendarConstants.m; sourceTree = "<group>"; };
		C2FE58CC1EF00B500063A62C /* FSCalendarDelegationFactory.h */ = {isa = PBXFileReference; fileEncoding = 4; lastKnownFileType = sourcecode.c.h; path = FSCalendarDelegationFactory.h; sourceTree = "<group>"; };
		C2FE58CD1EF00B500063A62C /* FSCalendarDelegationFactory.m */ = {isa = PBXFileReference; fileEncoding = 4; lastKnownFileType = sourcecode.c.objc; path = FSCalendarDelegationFactory.m; sourceTree = "<group>"; };
		C2FE58CE1EF00B500063A62C /* FSCalendarDelegationProxy.h */ = {isa = PBXFileReference; fileEncoding = 4; lastKnownFileType = sourcecode.c.h; path = FSCalendarDelegationProxy.h; sourceTree = "<group>"; };
		C2FE58CF1EF00B500063A62C /* FSCalendarDelegationProxy.m */ = {isa = PBXFileReference; fileEncoding = 4; lastKnownFileType = sourcecode.c.objc; path = FSCalendarDelegationProxy.m; sourceTree = "<group>"; };
		C2FE58D01EF00B500063A62C /* FSCalendarDynamicHeader.h */ = {isa = PBXFileReference; fileEncoding = 4; lastKnownFileType = sourcecode.c.h; path = FSCalendarDynamicHeader.h; sourceTree = "<group>"; };
		C2FE58D11EF00B500063A62C /* FSCalendarExtensions.h */ = {isa = PBXFileReference; fileEncoding = 4; lastKnownFileType = sourcecode.c.h; path = FSCalendarExtensions.h; sourceTree = "<group>"; };
		C2FE58D21EF00B500063A62C /* FSCalendarExtensions.m */ = {isa = PBXFileReference; fileEncoding = 4; lastKnownFileType = sourcecode.c.objc; path = FSCalendarExtensions.m; sourceTree = "<group>"; };
		C2FE58D31EF00B500063A62C /* FSCalendarHeaderView.h */ = {isa = PBXFileReference; fileEncoding = 4; lastKnownFileType = sourcecode.c.h; path = FSCalendarHeaderView.h; sourceTree = "<group>"; };
		C2FE58D41EF00B500063A62C /* FSCalendarHeaderView.m */ = {isa = PBXFileReference; fileEncoding = 4; lastKnownFileType = sourcecode.c.objc; path = FSCalendarHeaderView.m; sourceTree = "<group>"; };
		C2FE58D51EF00B500063A62C /* FSCalendarScopeHandle.h */ = {isa = PBXFileReference; fileEncoding = 4; lastKnownFileType = sourcecode.c.h; path = FSCalendarScopeHandle.h; sourceTree = "<group>"; };
		C2FE58D61EF00B500063A62C /* FSCalendarScopeHandle.m */ = {isa = PBXFileReference; fileEncoding = 4; lastKnownFileType = sourcecode.c.objc; path = FSCalendarScopeHandle.m; sourceTree = "<group>"; };
		C2FE58D71EF00B500063A62C /* FSCalendarStickyHeader.h */ = {isa = PBXFileReference; fileEncoding = 4; lastKnownFileType = sourcecode.c.h; path = FSCalendarStickyHeader.h; sourceTree = "<group>"; };
		C2FE58D81EF00B500063A62C /* FSCalendarStickyHeader.m */ = {isa = PBXFileReference; fileEncoding = 4; lastKnownFileType = sourcecode.c.objc; path = FSCalendarStickyHeader.m; sourceTree = "<group>"; };
		C2FE58D91EF00B500063A62C /* FSCalendarTransitionCoordinator.h */ = {isa = PBXFileReference; fileEncoding = 4; lastKnownFileType = sourcecode.c.h; path = FSCalendarTransitionCoordinator.h; sourceTree = "<group>"; };
		C2FE58DA1EF00B500063A62C /* FSCalendarTransitionCoordinator.m */ = {isa = PBXFileReference; fileEncoding = 4; lastKnownFileType = sourcecode.c.objc; path = FSCalendarTransitionCoordinator.m; sourceTree = "<group>"; };
		C2FE58DB1EF00B500063A62C /* FSCalendarWeekdayView.h */ = {isa = PBXFileReference; fileEncoding = 4; lastKnownFileType = sourcecode.c.h; path = FSCalendarWeekdayView.h; sourceTree = "<group>"; };
		C2FE58DC1EF00B500063A62C /* FSCalendarWeekdayView.m */ = {isa = PBXFileReference; fileEncoding = 4; lastKnownFileType = sourcecode.c.objc; path = FSCalendarWeekdayView.m; sourceTree = "<group>"; };
		C2FE58DD1EF00B500063A62C /* Info.plist */ = {isa = PBXFileReference; fileEncoding = 4; lastKnownFileType = text.plist.xml; path = Info.plist; sourceTree = "<group>"; };
		C2FE59221EF0F28A0063A62C /* CustomerCalendar.h */ = {isa = PBXFileReference; fileEncoding = 4; lastKnownFileType = sourcecode.c.h; name = CustomerCalendar.h; path = Model/CustomerCalendar.h; sourceTree = "<group>"; };
		C2FE59231EF0F28A0063A62C /* CustomerCalendar.m */ = {isa = PBXFileReference; fileEncoding = 4; lastKnownFileType = sourcecode.c.objc; name = CustomerCalendar.m; path = Model/CustomerCalendar.m; sourceTree = "<group>"; };
/* End PBXFileReference section */

/* Begin PBXFrameworksBuildPhase section */
		C206E9FA1EE1676000E4E366 /* Frameworks */ = {
			isa = PBXFrameworksBuildPhase;
			buildActionMask = 2147483647;
			files = (
			);
			runOnlyForDeploymentPostprocessing = 0;
		};
		C206EA131EE1676100E4E366 /* Frameworks */ = {
			isa = PBXFrameworksBuildPhase;
			buildActionMask = 2147483647;
			files = (
			);
			runOnlyForDeploymentPostprocessing = 0;
		};
		C206EA1E1EE1676100E4E366 /* Frameworks */ = {
			isa = PBXFrameworksBuildPhase;
			buildActionMask = 2147483647;
			files = (
			);
			runOnlyForDeploymentPostprocessing = 0;
		};
/* End PBXFrameworksBuildPhase section */

/* Begin PBXGroup section */
		C206E9F41EE1676000E4E366 = {
			isa = PBXGroup;
			children = (
				C2FE58BC1EF00B500063A62C /* FSCalendar */,
				C2FE58AE1EEEA1500063A62C /* Resource */,
				C206E9FF1EE1676100E4E366 /* iOSLunarrator */,
				C206EA191EE1676100E4E366 /* iOSLunarratorTests */,
				C206EA241EE1676100E4E366 /* iOSLunarratorUITests */,
				C206E9FE1EE1676100E4E366 /* Products */,
			);
			sourceTree = "<group>";
		};
		C206E9FE1EE1676100E4E366 /* Products */ = {
			isa = PBXGroup;
			children = (
				C206E9FD1EE1676100E4E366 /* iOSLunarrator.app */,
				C206EA161EE1676100E4E366 /* iOSLunarratorTests.xctest */,
				C206EA211EE1676100E4E366 /* iOSLunarratorUITests.xctest */,
			);
			name = Products;
			sourceTree = "<group>";
		};
		C206E9FF1EE1676100E4E366 /* iOSLunarrator */ = {
			isa = PBXGroup;
			children = (
				C206EA341EE167C300E4E366 /* View */,
				C206EA331EE167A700E4E366 /* Model */,
				C206EA031EE1676100E4E366 /* AppDelegate.h */,
				C206EA041EE1676100E4E366 /* AppDelegate.m */,
				C206EA061EE1676100E4E366 /* ViewController.h */,
				C206EA071EE1676100E4E366 /* ViewController.m */,
				C206EA091EE1676100E4E366 /* Main.storyboard */,
				C206EA0C1EE1676100E4E366 /* Assets.xcassets */,
				C206EA0E1EE1676100E4E366 /* LaunchScreen.storyboard */,
				C206EA111EE1676100E4E366 /* Info.plist */,
				C206EA001EE1676100E4E366 /* Supporting Files */,
				C2FE52E71EE55B4D0063A62C /* TestViewController.h */,
				C2FE52E81EE55B4D0063A62C /* TestViewController.m */,
				C2FE52E91EE55B4D0063A62C /* TestViewController.xib */,
			);
			path = iOSLunarrator;
			sourceTree = "<group>";
		};
		C206EA001EE1676100E4E366 /* Supporting Files */ = {
			isa = PBXGroup;
			children = (
				C206EA011EE1676100E4E366 /* main.m */,
			);
			name = "Supporting Files";
			sourceTree = "<group>";
		};
		C206EA191EE1676100E4E366 /* iOSLunarratorTests */ = {
			isa = PBXGroup;
			children = (
				C206EA1A1EE1676100E4E366 /* iOSLunarratorTests.m */,
				C206EA1C1EE1676100E4E366 /* Info.plist */,
			);
			path = iOSLunarratorTests;
			sourceTree = "<group>";
		};
		C206EA241EE1676100E4E366 /* iOSLunarratorUITests */ = {
			isa = PBXGroup;
			children = (
				C206EA251EE1676100E4E366 /* iOSLunarratorUITests.m */,
				C206EA271EE1676100E4E366 /* Info.plist */,
			);
			path = iOSLunarratorUITests;
			sourceTree = "<group>";
		};
		C206EA331EE167A700E4E366 /* Model */ = {
			isa = PBXGroup;
			children = (
				C2FE52EC1EEE8E560063A62C /* LunarDay.h */,
				C2FE52ED1EEE8E560063A62C /* LunarDay.m */,
				C2FE52EF1EEE8E6C0063A62C /* Activity.h */,
				C2FE52F01EEE8E6C0063A62C /* Activity.m */,
				C2FE59221EF0F28A0063A62C /* CustomerCalendar.h */,
				C2FE59231EF0F28A0063A62C /* CustomerCalendar.m */,
			);
			name = Model;
			sourceTree = "<group>";
		};
		C206EA341EE167C300E4E366 /* View */ = {
			isa = PBXGroup;
			children = (
				C206EA351EE5013E00E4E366 /* homePage.h */,
				C206EA361EE5013E00E4E366 /* homePage.m */,
				C206EA371EE5013E00E4E366 /* homePage.xib */,
				C2FE58B01EEFD4B60063A62C /* calendarPage.h */,
				C2FE58B11EEFD4B60063A62C /* calendarPage.m */,
				C2FE58B21EEFD4B60063A62C /* calendarPage.xib */,
				C2FE58B51EEFD8C40063A62C /* activityPage.h */,
				C2FE58B61EEFD8C40063A62C /* activityPage.m */,
				C2FE58B71EEFD8C40063A62C /* activityPage.xib */,
			);
			name = View;
			sourceTree = "<group>";
		};
		C2FE58BC1EF00B500063A62C /* FSCalendar */ = {
			isa = PBXGroup;
			children = (
				C2FE58BD1EF00B500063A62C /* FSCalendar+Deprecated.m */,
				C2FE58BE1EF00B500063A62C /* FSCalendar.h */,
				C2FE58BF1EF00B500063A62C /* FSCalendar.m */,
				C2FE58C01EF00B500063A62C /* FSCalendarAppearance.h */,
				C2FE58C11EF00B500063A62C /* FSCalendarAppearance.m */,
				C2FE58C21EF00B500063A62C /* FSCalendarCalculator.h */,
				C2FE58C31EF00B500063A62C /* FSCalendarCalculator.m */,
				C2FE58C41EF00B500063A62C /* FSCalendarCell.h */,
				C2FE58C51EF00B500063A62C /* FSCalendarCell.m */,
				C2FE58C61EF00B500063A62C /* FSCalendarCollectionView.h */,
				C2FE58C71EF00B500063A62C /* FSCalendarCollectionView.m */,
				C2FE58C81EF00B500063A62C /* FSCalendarCollectionViewLayout.h */,
				C2FE58C91EF00B500063A62C /* FSCalendarCollectionViewLayout.m */,
				C2FE58CA1EF00B500063A62C /* FSCalendarConstants.h */,
				C2FE58CB1EF00B500063A62C /* FSCalendarConstants.m */,
				C2FE58CC1EF00B500063A62C /* FSCalendarDelegationFactory.h */,
				C2FE58CD1EF00B500063A62C /* FSCalendarDelegationFactory.m */,
				C2FE58CE1EF00B500063A62C /* FSCalendarDelegationProxy.h */,
				C2FE58CF1EF00B500063A62C /* FSCalendarDelegationProxy.m */,
				C2FE58D01EF00B500063A62C /* FSCalendarDynamicHeader.h */,
				C2FE58D11EF00B500063A62C /* FSCalendarExtensions.h */,
				C2FE58D21EF00B500063A62C /* FSCalendarExtensions.m */,
				C2FE58D31EF00B500063A62C /* FSCalendarHeaderView.h */,
				C2FE58D41EF00B500063A62C /* FSCalendarHeaderView.m */,
				C2FE58D51EF00B500063A62C /* FSCalendarScopeHandle.h */,
				C2FE58D61EF00B500063A62C /* FSCalendarScopeHandle.m */,
				C2FE58D71EF00B500063A62C /* FSCalendarStickyHeader.h */,
				C2FE58D81EF00B500063A62C /* FSCalendarStickyHeader.m */,
				C2FE58D91EF00B500063A62C /* FSCalendarTransitionCoordinator.h */,
				C2FE58DA1EF00B500063A62C /* FSCalendarTransitionCoordinator.m */,
				C2FE58DB1EF00B500063A62C /* FSCalendarWeekdayView.h */,
				C2FE58DC1EF00B500063A62C /* FSCalendarWeekdayView.m */,
				C2FE58DD1EF00B500063A62C /* Info.plist */,
			);
			name = FSCalendar;
			path = iOSLunarrator/FSCalendar;
			sourceTree = "<group>";
		};
/* End PBXGroup section */

/* Begin PBXNativeTarget section */
		C206E9FC1EE1676000E4E366 /* iOSLunarrator */ = {
			isa = PBXNativeTarget;
			buildConfigurationList = C206EA2A1EE1676100E4E366 /* Build configuration list for PBXNativeTarget "iOSLunarrator" */;
			buildPhases = (
				C206E9F91EE1676000E4E366 /* Sources */,
				C206E9FA1EE1676000E4E366 /* Frameworks */,
				C206E9FB1EE1676000E4E366 /* Resources */,
			);
			buildRules = (
			);
			dependencies = (
			);
			name = iOSLunarrator;
			productName = iOSLunarrator;
			productReference = C206E9FD1EE1676100E4E366 /* iOSLunarrator.app */;
			productType = "com.apple.product-type.application";
		};
		C206EA151EE1676100E4E366 /* iOSLunarratorTests */ = {
			isa = PBXNativeTarget;
			buildConfigurationList = C206EA2D1EE1676100E4E366 /* Build configuration list for PBXNativeTarget "iOSLunarratorTests" */;
			buildPhases = (
				C206EA121EE1676100E4E366 /* Sources */,
				C206EA131EE1676100E4E366 /* Frameworks */,
				C206EA141EE1676100E4E366 /* Resources */,
			);
			buildRules = (
			);
			dependencies = (
				C206EA181EE1676100E4E366 /* PBXTargetDependency */,
			);
			name = iOSLunarratorTests;
			productName = iOSLunarratorTests;
			productReference = C206EA161EE1676100E4E366 /* iOSLunarratorTests.xctest */;
			productType = "com.apple.product-type.bundle.unit-test";
		};
		C206EA201EE1676100E4E366 /* iOSLunarratorUITests */ = {
			isa = PBXNativeTarget;
			buildConfigurationList = C206EA301EE1676100E4E366 /* Build configuration list for PBXNativeTarget "iOSLunarratorUITests" */;
			buildPhases = (
				C206EA1D1EE1676100E4E366 /* Sources */,
				C206EA1E1EE1676100E4E366 /* Frameworks */,
				C206EA1F1EE1676100E4E366 /* Resources */,
			);
			buildRules = (
			);
			dependencies = (
				C206EA231EE1676100E4E366 /* PBXTargetDependency */,
			);
			name = iOSLunarratorUITests;
			productName = iOSLunarratorUITests;
			productReference = C206EA211EE1676100E4E366 /* iOSLunarratorUITests.xctest */;
			productType = "com.apple.product-type.bundle.ui-testing";
		};
/* End PBXNativeTarget section */

/* Begin PBXProject section */
		C206E9F51EE1676000E4E366 /* Project object */ = {
			isa = PBXProject;
			attributes = {
				LastUpgradeCheck = 0830;
				ORGANIZATIONNAME = cg;
				TargetAttributes = {
					C206E9FC1EE1676000E4E366 = {
						CreatedOnToolsVersion = 8.3;
						ProvisioningStyle = Automatic;
					};
					C206EA151EE1676100E4E366 = {
						CreatedOnToolsVersion = 8.3;
						ProvisioningStyle = Automatic;
						TestTargetID = C206E9FC1EE1676000E4E366;
					};
					C206EA201EE1676100E4E366 = {
						CreatedOnToolsVersion = 8.3;
						ProvisioningStyle = Automatic;
						TestTargetID = C206E9FC1EE1676000E4E366;
					};
				};
			};
			buildConfigurationList = C206E9F81EE1676000E4E366 /* Build configuration list for PBXProject "iOSLunarrator" */;
			compatibilityVersion = "Xcode 3.2";
			developmentRegion = English;
			hasScannedForEncodings = 0;
			knownRegions = (
				en,
				Base,
			);
			mainGroup = C206E9F41EE1676000E4E366;
			productRefGroup = C206E9FE1EE1676100E4E366 /* Products */;
			projectDirPath = "";
			projectRoot = "";
			targets = (
				C206E9FC1EE1676000E4E366 /* iOSLunarrator */,
				C206EA151EE1676100E4E366 /* iOSLunarratorTests */,
				C206EA201EE1676100E4E366 /* iOSLunarratorUITests */,
			);
		};
/* End PBXProject section */

/* Begin PBXResourcesBuildPhase section */
		C206E9FB1EE1676000E4E366 /* Resources */ = {
			isa = PBXResourcesBuildPhase;
			buildActionMask = 2147483647;
			files = (
				C2FE58AF1EEEA1500063A62C /* Resource in Resources */,
				C206EA101EE1676100E4E366 /* LaunchScreen.storyboard in Resources */,
				C2FE58EE1EF00B500063A62C /* Info.plist in Resources */,
				C2FE52EB1EE55B4D0063A62C /* TestViewController.xib in Resources */,
				C2FE58B91EEFD8C40063A62C /* activityPage.xib in Resources */,
				C2FE58B41EEFD4B60063A62C /* calendarPage.xib in Resources */,
				C206EA0D1EE1676100E4E366 /* Assets.xcassets in Resources */,
				C206EA0B1EE1676100E4E366 /* Main.storyboard in Resources */,
				C206EA391EE5013E00E4E366 /* homePage.xib in Resources */,
			);
			runOnlyForDeploymentPostprocessing = 0;
		};
		C206EA141EE1676100E4E366 /* Resources */ = {
			isa = PBXResourcesBuildPhase;
			buildActionMask = 2147483647;
			files = (
			);
			runOnlyForDeploymentPostprocessing = 0;
		};
		C206EA1F1EE1676100E4E366 /* Resources */ = {
			isa = PBXResourcesBuildPhase;
			buildActionMask = 2147483647;
			files = (
			);
			runOnlyForDeploymentPostprocessing = 0;
		};
/* End PBXResourcesBuildPhase section */

/* Begin PBXSourcesBuildPhase section */
		C206E9F91EE1676000E4E366 /* Sources */ = {
			isa = PBXSourcesBuildPhase;
			buildActionMask = 2147483647;
			files = (
				C2FE58E01EF00B500063A62C /* FSCalendarAppearance.m in Sources */,
				C2FE58E61EF00B500063A62C /* FSCalendarDelegationFactory.m in Sources */,
				C2FE58B31EEFD4B60063A62C /* calendarPage.m in Sources */,
				C2FE58E51EF00B500063A62C /* FSCalendarConstants.m in Sources */,
				C2FE58E81EF00B500063A62C /* FSCalendarExtensions.m in Sources */,
				C2FE58EA1EF00B500063A62C /* FSCalendarScopeHandle.m in Sources */,
				C2FE58DE1EF00B500063A62C /* FSCalendar+Deprecated.m in Sources */,
				C2FE58EB1EF00B500063A62C /* FSCalendarStickyHeader.m in Sources */,
				C2FE58DF1EF00B500063A62C /* FSCalendar.m in Sources */,
				C2FE59241EF0F28A0063A62C /* CustomerCalendar.m in Sources */,
				C2FE58E91EF00B500063A62C /* FSCalendarHeaderView.m in Sources */,
				C2FE58EC1EF00B500063A62C /* FSCalendarTransitionCoordinator.m in Sources */,
				C206EA081EE1676100E4E366 /* ViewController.m in Sources */,
				C2FE58ED1EF00B500063A62C /* FSCalendarWeekdayView.m in Sources */,
				C2FE58B81EEFD8C40063A62C /* activityPage.m in Sources */,
				C2FE58E41EF00B500063A62C /* FSCalendarCollectionViewLayout.m in Sources */,
				C206EA051EE1676100E4E366 /* AppDelegate.m in Sources */,
				C2FE58E31EF00B500063A62C /* FSCalendarCollectionView.m in Sources */,
				C2FE58E11EF00B500063A62C /* FSCalendarCalculator.m in Sources */,
				C2FE58E21EF00B500063A62C /* FSCalendarCell.m in Sources */,
				C206EA021EE1676100E4E366 /* main.m in Sources */,
				C206EA381EE5013E00E4E366 /* homePage.m in Sources */,
				C2FE52EA1EE55B4D0063A62C /* TestViewController.m in Sources */,
				C2FE52F11EEE8E6C0063A62C /* Activity.m in Sources */,
				C2FE58E71EF00B500063A62C /* FSCalendarDelegationProxy.m in Sources */,
				C2FE52EE1EEE8E560063A62C /* LunarDay.m in Sources */,
			);
			runOnlyForDeploymentPostprocessing = 0;
		};
		C206EA121EE1676100E4E366 /* Sources */ = {
			isa = PBXSourcesBuildPhase;
			buildActionMask = 2147483647;
			files = (
				C206EA1B1EE1676100E4E366 /* iOSLunarratorTests.m in Sources */,
			);
			runOnlyForDeploymentPostprocessing = 0;
		};
		C206EA1D1EE1676100E4E366 /* Sources */ = {
			isa = PBXSourcesBuildPhase;
			buildActionMask = 2147483647;
			files = (
				C206EA261EE1676100E4E366 /* iOSLunarratorUITests.m in Sources */,
			);
			runOnlyForDeploymentPostprocessing = 0;
		};
/* End PBXSourcesBuildPhase section */

/* Begin PBXTargetDependency section */
		C206EA181EE1676100E4E366 /* PBXTargetDependency */ = {
			isa = PBXTargetDependency;
			target = C206E9FC1EE1676000E4E366 /* iOSLunarrator */;
			targetProxy = C206EA171EE1676100E4E366 /* PBXContainerItemProxy */;
		};
		C206EA231EE1676100E4E366 /* PBXTargetDependency */ = {
			isa = PBXTargetDependency;
			target = C206E9FC1EE1676000E4E366 /* iOSLunarrator */;
			targetProxy = C206EA221EE1676100E4E366 /* PBXContainerItemProxy */;
		};
/* End PBXTargetDependency section */

/* Begin PBXVariantGroup section */
		C206EA091EE1676100E4E366 /* Main.storyboard */ = {
			isa = PBXVariantGroup;
			children = (
				C206EA0A1EE1676100E4E366 /* Base */,
			);
			name = Main.storyboard;
			sourceTree = "<group>";
		};
		C206EA0E1EE1676100E4E366 /* LaunchScreen.storyboard */ = {
			isa = PBXVariantGroup;
			children = (
				C206EA0F1EE1676100E4E366 /* Base */,
			);
			name = LaunchScreen.storyboard;
			sourceTree = "<group>";
		};
/* End PBXVariantGroup section */

/* Begin XCBuildConfiguration section */
		C206EA281EE1676100E4E366 /* Debug */ = {
			isa = XCBuildConfiguration;
			buildSettings = {
				ALWAYS_SEARCH_USER_PATHS = NO;
				CLANG_ANALYZER_NONNULL = YES;
				CLANG_ANALYZER_NUMBER_OBJECT_CONVERSION = YES_AGGRESSIVE;
				CLANG_CXX_LANGUAGE_STANDARD = "gnu++0x";
				CLANG_CXX_LIBRARY = "libc++";
				CLANG_ENABLE_MODULES = YES;
				CLANG_ENABLE_OBJC_ARC = YES;
				CLANG_WARN_BOOL_CONVERSION = YES;
				CLANG_WARN_CONSTANT_CONVERSION = YES;
				CLANG_WARN_DIRECT_OBJC_ISA_USAGE = YES_ERROR;
				CLANG_WARN_DOCUMENTATION_COMMENTS = YES;
				CLANG_WARN_EMPTY_BODY = YES;
				CLANG_WARN_ENUM_CONVERSION = YES;
				CLANG_WARN_INFINITE_RECURSION = YES;
				CLANG_WARN_INT_CONVERSION = YES;
				CLANG_WARN_OBJC_ROOT_CLASS = YES_ERROR;
				CLANG_WARN_SUSPICIOUS_MOVE = YES;
				CLANG_WARN_UNREACHABLE_CODE = YES;
				CLANG_WARN__DUPLICATE_METHOD_MATCH = YES;
				"CODE_SIGN_IDENTITY[sdk=iphoneos*]" = "iPhone Developer";
				COPY_PHASE_STRIP = NO;
				DEBUG_INFORMATION_FORMAT = dwarf;
				ENABLE_STRICT_OBJC_MSGSEND = YES;
				ENABLE_TESTABILITY = YES;
				GCC_C_LANGUAGE_STANDARD = gnu99;
				GCC_DYNAMIC_NO_PIC = NO;
				GCC_NO_COMMON_BLOCKS = YES;
				GCC_OPTIMIZATION_LEVEL = 0;
				GCC_PREPROCESSOR_DEFINITIONS = (
					"DEBUG=1",
					"$(inherited)",
				);
				GCC_WARN_64_TO_32_BIT_CONVERSION = YES;
				GCC_WARN_ABOUT_RETURN_TYPE = YES_ERROR;
				GCC_WARN_UNDECLARED_SELECTOR = YES;
				GCC_WARN_UNINITIALIZED_AUTOS = YES_AGGRESSIVE;
				GCC_WARN_UNUSED_FUNCTION = YES;
				GCC_WARN_UNUSED_VARIABLE = YES;
				IPHONEOS_DEPLOYMENT_TARGET = 10.3;
				MTL_ENABLE_DEBUG_INFO = YES;
				ONLY_ACTIVE_ARCH = YES;
				SDKROOT = iphoneos;
				TARGETED_DEVICE_FAMILY = "1,2";
			};
			name = Debug;
		};
		C206EA291EE1676100E4E366 /* Release */ = {
			isa = XCBuildConfiguration;
			buildSettings = {
				ALWAYS_SEARCH_USER_PATHS = NO;
				CLANG_ANALYZER_NONNULL = YES;
				CLANG_ANALYZER_NUMBER_OBJECT_CONVERSION = YES_AGGRESSIVE;
				CLANG_CXX_LANGUAGE_STANDARD = "gnu++0x";
				CLANG_CXX_LIBRARY = "libc++";
				CLANG_ENABLE_MODULES = YES;
				CLANG_ENABLE_OBJC_ARC = YES;
				CLANG_WARN_BOOL_CONVERSION = YES;
				CLANG_WARN_CONSTANT_CONVERSION = YES;
				CLANG_WARN_DIRECT_OBJC_ISA_USAGE = YES_ERROR;
				CLANG_WARN_DOCUMENTATION_COMMENTS = YES;
				CLANG_WARN_EMPTY_BODY = YES;
				CLANG_WARN_ENUM_CONVERSION = YES;
				CLANG_WARN_INFINITE_RECURSION = YES;
				CLANG_WARN_INT_CONVERSION = YES;
				CLANG_WARN_OBJC_ROOT_CLASS = YES_ERROR;
				CLANG_WARN_SUSPICIOUS_MOVE = YES;
				CLANG_WARN_UNREACHABLE_CODE = YES;
				CLANG_WARN__DUPLICATE_METHOD_MATCH = YES;
				"CODE_SIGN_IDENTITY[sdk=iphoneos*]" = "iPhone Developer";
				COPY_PHASE_STRIP = NO;
				DEBUG_INFORMATION_FORMAT = "dwarf-with-dsym";
				ENABLE_NS_ASSERTIONS = NO;
				ENABLE_STRICT_OBJC_MSGSEND = YES;
				GCC_C_LANGUAGE_STANDARD = gnu99;
				GCC_NO_COMMON_BLOCKS = YES;
				GCC_WARN_64_TO_32_BIT_CONVERSION = YES;
				GCC_WARN_ABOUT_RETURN_TYPE = YES_ERROR;
				GCC_WARN_UNDECLARED_SELECTOR = YES;
				GCC_WARN_UNINITIALIZED_AUTOS = YES_AGGRESSIVE;
				GCC_WARN_UNUSED_FUNCTION = YES;
				GCC_WARN_UNUSED_VARIABLE = YES;
				IPHONEOS_DEPLOYMENT_TARGET = 10.3;
				MTL_ENABLE_DEBUG_INFO = NO;
				SDKROOT = iphoneos;
				TARGETED_DEVICE_FAMILY = "1,2";
				VALIDATE_PRODUCT = YES;
			};
			name = Release;
		};
		C206EA2B1EE1676100E4E366 /* Debug */ = {
			isa = XCBuildConfiguration;
			buildSettings = {
				ASSETCATALOG_COMPILER_APPICON_NAME = AppIcon;
				INFOPLIST_FILE = iOSLunarrator/Info.plist;
				LD_RUNPATH_SEARCH_PATHS = "$(inherited) @executable_path/Frameworks";
				PRODUCT_BUNDLE_IDENTIFIER = lab1422.iOSLunarrator;
				PRODUCT_NAME = "$(TARGET_NAME)";
			};
			name = Debug;
		};
		C206EA2C1EE1676100E4E366 /* Release */ = {
			isa = XCBuildConfiguration;
			buildSettings = {
				ASSETCATALOG_COMPILER_APPICON_NAME = AppIcon;
				INFOPLIST_FILE = iOSLunarrator/Info.plist;
				LD_RUNPATH_SEARCH_PATHS = "$(inherited) @executable_path/Frameworks";
				PRODUCT_BUNDLE_IDENTIFIER = lab1422.iOSLunarrator;
				PRODUCT_NAME = "$(TARGET_NAME)";
			};
			name = Release;
		};
		C206EA2E1EE1676100E4E366 /* Debug */ = {
			isa = XCBuildConfiguration;
			buildSettings = {
				BUNDLE_LOADER = "$(TEST_HOST)";
				INFOPLIST_FILE = iOSLunarratorTests/Info.plist;
				LD_RUNPATH_SEARCH_PATHS = "$(inherited) @executable_path/Frameworks @loader_path/Frameworks";
				PRODUCT_BUNDLE_IDENTIFIER = lab1422.iOSLunarratorTests;
				PRODUCT_NAME = "$(TARGET_NAME)";
				TEST_HOST = "$(BUILT_PRODUCTS_DIR)/iOSLunarrator.app/iOSLunarrator";
			};
			name = Debug;
		};
		C206EA2F1EE1676100E4E366 /* Release */ = {
			isa = XCBuildConfiguration;
			buildSettings = {
				BUNDLE_LOADER = "$(TEST_HOST)";
				INFOPLIST_FILE = iOSLunarratorTests/Info.plist;
				LD_RUNPATH_SEARCH_PATHS = "$(inherited) @executable_path/Frameworks @loader_path/Frameworks";
				PRODUCT_BUNDLE_IDENTIFIER = lab1422.iOSLunarratorTests;
				PRODUCT_NAME = "$(TARGET_NAME)";
				TEST_HOST = "$(BUILT_PRODUCTS_DIR)/iOSLunarrator.app/iOSLunarrator";
			};
			name = Release;
		};
		C206EA311EE1676100E4E366 /* Debug */ = {
			isa = XCBuildConfiguration;
			buildSettings = {
				INFOPLIST_FILE = iOSLunarratorUITests/Info.plist;
				LD_RUNPATH_SEARCH_PATHS = "$(inherited) @executable_path/Frameworks @loader_path/Frameworks";
				PRODUCT_BUNDLE_IDENTIFIER = lab1422.iOSLunarratorUITests;
				PRODUCT_NAME = "$(TARGET_NAME)";
				TEST_TARGET_NAME = iOSLunarrator;
			};
			name = Debug;
		};
		C206EA321EE1676100E4E366 /* Release */ = {
			isa = XCBuildConfiguration;
			buildSettings = {
				INFOPLIST_FILE = iOSLunarratorUITests/Info.plist;
				LD_RUNPATH_SEARCH_PATHS = "$(inherited) @executable_path/Frameworks @loader_path/Frameworks";
				PRODUCT_BUNDLE_IDENTIFIER = lab1422.iOSLunarratorUITests;
				PRODUCT_NAME = "$(TARGET_NAME)";
				TEST_TARGET_NAME = iOSLunarrator;
			};
			name = Release;
		};
/* End XCBuildConfiguration section */

/* Begin XCConfigurationList section */
		C206E9F81EE1676000E4E366 /* Build configuration list for PBXProject "iOSLunarrator" */ = {
			isa = XCConfigurationList;
			buildConfigurations = (
				C206EA281EE1676100E4E366 /* Debug */,
				C206EA291EE1676100E4E366 /* Release */,
			);
			defaultConfigurationIsVisible = 0;
			defaultConfigurationName = Release;
		};
		C206EA2A1EE1676100E4E366 /* Build configuration list for PBXNativeTarget "iOSLunarrator" */ = {
			isa = XCConfigurationList;
			buildConfigurations = (
				C206EA2B1EE1676100E4E366 /* Debug */,
				C206EA2C1EE1676100E4E366 /* Release */,
			);
			defaultConfigurationIsVisible = 0;
			defaultConfigurationName = Release;
		};
		C206EA2D1EE1676100E4E366 /* Build configuration list for PBXNativeTarget "iOSLunarratorTests" */ = {
			isa = XCConfigurationList;
			buildConfigurations = (
				C206EA2E1EE1676100E4E366 /* Debug */,
				C206EA2F1EE1676100E4E366 /* Release */,
			);
			defaultConfigurationIsVisible = 0;
			defaultConfigurationName = Release;
		};
		C206EA301EE1676100E4E366 /* Build configuration list for PBXNativeTarget "iOSLunarratorUITests" */ = {
			isa = XCConfigurationList;
			buildConfigurations = (
				C206EA311EE1676100E4E366 /* Debug */,
				C206EA321EE1676100E4E366 /* Release */,
			);
			defaultConfigurationIsVisible = 0;
			defaultConfigurationName = Release;
		};
/* End XCConfigurationList section */
	};
	rootObject = C206E9F51EE1676000E4E366 /* Project object */;
}
